
Microsoft Visual Studio Solution File, Format Version 12.00
# Visual Studio Version 16
VisualStudioVersion = 16.0.30907.101
MinimumVisualStudioVersion = 10.0.40219.1
Project("{FAE04EC0-301F-11D3-BF4B-00C04F79EFBC}") = "TalentHub", "TalentHub\TalentHub.csproj", "{747E0166-6090-46C7-AF01-ED4F653F0AE7}"
EndProject
Project("{FAE04EC0-301F-11D3-BF4B-00C04F79EFBC}") = "ClassLibrary", "..\..\TalentHub_Project\ClassLibrary\ClassLibrary.csproj", "{C7AD0884-81E5-46A7-B2FE-6F2243B27B5F}"
EndProject
Project("{FAE04EC0-301F-11D3-BF4B-00C04F79EFBC}") = "TalentHub_Project", "..\..\TalentHub_Project\TalentHub_Project\TalentHub_Project.csproj", "{C1901B0B-B1DA-4F20-86DE-A62EAF16D798}"
EndProject
Project("{FAE04EC0-301F-11D3-BF4B-00C04F79EFBC}") = "TalentHubApp", "..\TalentHubApp\TalentHubApp.csproj", "{D2B7A170-517E-4F1B-8BAA-2AB80A2FB990}"
EndProject
Project("{FAE04EC0-301F-11D3-BF4B-00C04F79EFBC}") = "TalentHubLab1", "..\TalentHubLab1\TalentHubLab1.csproj", "{4AB40E05-162E-4758-B738-771DEBB1F084}"
EndProject
Global
	GlobalSection(SolutionConfigurationPlatforms) = preSolution
		Debug|Any CPU = Debug|Any CPU
		Release|Any CPU = Release|Any CPU
	EndGlobalSection
	GlobalSection(ProjectConfigurationPlatforms) = postSolution
		{747E0166-6090-46C7-AF01-ED4F653F0AE7}.Debug|Any CPU.ActiveCfg = Debug|Any CPU
		{747E0166-6090-46C7-AF01-ED4F653F0AE7}.Debug|Any CPU.Build.0 = Debug|Any CPU
		{747E0166-6090-46C7-AF01-ED4F653F0AE7}.Release|Any CPU.ActiveCfg = Release|Any CPU
		{747E0166-6090-46C7-AF01-ED4F653F0AE7}.Release|Any CPU.Build.0 = Release|Any CPU
		{C7AD0884-81E5-46A7-B2FE-6F2243B27B5F}.Debug|Any CPU.ActiveCfg = Debug|Any CPU
		{C7AD0884-81E5-46A7-B2FE-6F2243B27B5F}.Debug|Any CPU.Build.0 = Debug|Any CPU
		{C7AD0884-81E5-46A7-B2FE-6F2243B27B5F}.Release|Any CPU.ActiveCfg = Release|Any CPU
		{C7AD0884-81E5-46A7-B2FE-6F2243B27B5F}.Release|Any CPU.Build.0 = Release|Any CPU
		{C1901B0B-B1DA-4F20-86DE-A62EAF16D798}.Debug|Any CPU.ActiveCfg = Debug|Any CPU
		{C1901B0B-B1DA-4F20-86DE-A62EAF16D798}.Debug|Any CPU.Build.0 = Debug|Any CPU
		{C1901B0B-B1DA-4F20-86DE-A62EAF16D798}.Release|Any CPU.ActiveCfg = Release|Any CPU
		{C1901B0B-B1DA-4F20-86DE-A62EAF16D798}.Release|Any CPU.Build.0 = Release|Any CPU
		{D2B7A170-517E-4F1B-8BAA-2AB80A2FB990}.Debug|Any CPU.ActiveCfg = Debug|Any CPU
		{D2B7A170-517E-4F1B-8BAA-2AB80A2FB990}.Debug|Any CPU.Build.0 = Debug|Any CPU
		{D2B7A170-517E-4F1B-8BAA-2AB80A2FB990}.Release|Any CPU.ActiveCfg = Release|Any CPU
		{D2B7A170-517E-4F1B-8BAA-2AB80A2FB990}.Release|Any CPU.Build.0 = Release|Any CPU
		{4AB40E05-162E-4758-B738-771DEBB1F084}.Debug|Any CPU.ActiveCfg = Debug|Any CPU
		{4AB40E05-162E-4758-B738-771DEBB1F084}.Debug|Any CPU.Build.0 = Debug|Any CPU
		{4AB40E05-162E-4758-B738-771DEBB1F084}.Release|Any CPU.ActiveCfg = Release|Any CPU
		{4AB40E05-162E-4758-B738-771DEBB1F084}.Release|Any CPU.Build.0 = Release|Any CPU
	EndGlobalSection
	GlobalSection(SolutionProperties) = preSolution
		HideSolutionNode = FALSE
	EndGlobalSection
	GlobalSection(ExtensibilityGlobals) = postSolution
		SolutionGuid = {99F0777F-C708-486F-B4FC-AC93C504ECD0}
	EndGlobalSection
EndGlobal
