
Microsoft Visual Studio Solution File, Format Version 12.00
# Visual Studio Version 17
VisualStudioVersion = 17.3.32922.545
MinimumVisualStudioVersion = 10.0.40219.1
Project("{FAE04EC0-301F-11D3-BF4B-00C04F79EFBC}") = "Talent_Hub", "Talent_Hub\Talent_Hub.csproj", "{B457685E-BDF5-4231-9468-8F1D0F1DCA5A}"
EndProject
Global
	GlobalSection(SolutionConfigurationPlatforms) = preSolution
		Debug|Any CPU = Debug|Any CPU
		Release|Any CPU = Release|Any CPU
	EndGlobalSection
	GlobalSection(ProjectConfigurationPlatforms) = postSolution
		{B457685E-BDF5-4231-9468-8F1D0F1DCA5A}.Debug|Any CPU.ActiveCfg = Debug|Any CPU
		{B457685E-BDF5-4231-9468-8F1D0F1DCA5A}.Debug|Any CPU.Build.0 = Debug|Any CPU
		{B457685E-BDF5-4231-9468-8F1D0F1DCA5A}.Release|Any CPU.ActiveCfg = Release|Any CPU
		{B457685E-BDF5-4231-9468-8F1D0F1DCA5A}.Release|Any CPU.Build.0 = Release|Any CPU
	EndGlobalSection
	GlobalSection(SolutionProperties) = preSolution
		HideSolutionNode = FALSE
	EndGlobalSection
	GlobalSection(ExtensibilityGlobals) = postSolution
		SolutionGuid = {1601D1B0-03DD-4F6C-B656-AAC9D4DDCB0F}
	EndGlobalSection
EndGlobal
