
Microsoft Visual Studio Solution File, Format Version 12.00
# Visual Studio Version 16
VisualStudioVersion = 16.0.32802.440
MinimumVisualStudioVersion = 10.0.40219.1
Project("{FAE04EC0-301F-11D3-BF4B-00C04F79EFBC}") = "TalentHub_Project", "TalentHub_Project.csproj", "{C1901B0B-B1DA-4F20-86DE-A62EAF16D798}"
EndProject
Project("{FAE04EC0-301F-11D3-BF4B-00C04F79EFBC}") = "ClassLibrary", "..\ClassLibrary\ClassLibrary.csproj", "{C7AD0884-81E5-46A7-B2FE-6F2243B27B5F}"
EndProject
Global
	GlobalSection(SolutionConfigurationPlatforms) = preSolution
		Debug|Any CPU = Debug|Any CPU
		Release|Any CPU = Release|Any CPU
	EndGlobalSection
	GlobalSection(ProjectConfigurationPlatforms) = postSolution
		{C1901B0B-B1DA-4F20-86DE-A62EAF16D798}.Debug|Any CPU.ActiveCfg = Debug|Any CPU
		{C1901B0B-B1DA-4F20-86DE-A62EAF16D798}.Debug|Any CPU.Build.0 = Debug|Any CPU
		{C1901B0B-B1DA-4F20-86DE-A62EAF16D798}.Release|Any CPU.ActiveCfg = Release|Any CPU
		{C1901B0B-B1DA-4F20-86DE-A62EAF16D798}.Release|Any CPU.Build.0 = Release|Any CPU
		{C7AD0884-81E5-46A7-B2FE-6F2243B27B5F}.Debug|Any CPU.ActiveCfg = Debug|Any CPU
		{C7AD0884-81E5-46A7-B2FE-6F2243B27B5F}.Debug|Any CPU.Build.0 = Debug|Any CPU
		{C7AD0884-81E5-46A7-B2FE-6F2243B27B5F}.Release|Any CPU.ActiveCfg = Release|Any CPU
		{C7AD0884-81E5-46A7-B2FE-6F2243B27B5F}.Release|Any CPU.Build.0 = Release|Any CPU
	EndGlobalSection
	GlobalSection(SolutionProperties) = preSolution
		HideSolutionNode = FALSE
	EndGlobalSection
	GlobalSection(ExtensibilityGlobals) = postSolution
		SolutionGuid = {ACAF5318-1127-4EAE-8E41-961D34C4C4F1}
	EndGlobalSection
EndGlobal
